<Solution>
  <Folder Name="/.Service/">
    <File Path="clear-cache.bat" />
    <File Path="clear-obj.bat" />
    <File Path="clear.bat" />
  </Folder>
  <Folder Name="/.Service/.github/">
    <File Path=".github/copilot-instructions.md" />
    <File Path=".github/dependabot.yml" />
  </Folder>
  <Folder Name="/Tests/">
    <Project Path="Tests/AntennaLib.Tests/AntennaLib.Tests.csproj" Id="22d60dcd-c929-4da3-919c-617b43bf71bd" />
    <Project Path="Tests/ConsolePolygon/ConsolePolygon.csproj" />
  </Folder>
  <Project Path="AntennaLib/AntennaLib.csproj" />
  <Project Path="ArrayFactor/ArrayFactor.csproj" />
  <Properties Name="HgVSProperties">
    <Property Name="SolutionBindings" Value="&lt;Solution Location In Database&gt;" />
    <Property Name="SolutionIsControlled" Value="True" />
  </Properties>
</Solution>
